// !$*UTF8*$!
{
	archiveVersion = 1;
	classes = {
	};
	objectVersion = 46;
	objects = {

/* Begin PBXBuildFile section */
		81C89E0419EF031D003EAE1A /* main.m in Sources */ = {isa = PBXBuildFile; fileRef = 81C89E0319EF031D003EAE1A /* main.m */; };
		81C89E0719EF031D003EAE1A /* AppDelegate.m in Sources */ = {isa = PBXBuildFile; fileRef = 81C89E0619EF031D003EAE1A /* AppDelegate.m */; };
		81C89E0A19EF031D003EAE1A /* ViewController.m in Sources */ = {isa = PBXBuildFile; fileRef = 81C89E0919EF031D003EAE1A /* ViewController.m */; };
		81C89E0D19EF031D003EAE1A /* Main.storyboard in Resources */ = {isa = PBXBuildFile; fileRef = 81C89E0B19EF031D003EAE1A /* Main.storyboard */; };
		81C89E0F19EF031D003EAE1A /* Images.xcassets in Resources */ = {isa = PBXBuildFile; fileRef = 81C89E0E19EF031D003EAE1A /* Images.xcassets */; };
		81C89E1219EF031D003EAE1A /* LaunchScreen.xib in Resources */ = {isa = PBXBuildFile; fileRef = 81C89E1019EF031D003EAE1A /* LaunchScreen.xib */; };
		81C89E1E19EF031D003EAE1A /* ZaHunterTests.m in Sources */ = {isa = PBXBuildFile; fileRef = 81C89E1D19EF031D003EAE1A /* ZaHunterTests.m */; };
/* End PBXBuildFile section */

/* Begin PBXContainerItemProxy section */
		81C89E1819EF031D003EAE1A /* PBXContainerItemProxy */ = {
			isa = PBXContainerItemProxy;
			containerPortal = 81C89DF619EF031D003EAE1A /* Project object */;
			proxyType = 1;
			remoteGlobalIDString = 81C89DFD19EF031D003EAE1A;
			remoteInfo = ZaHunter;
		};
/* End PBXContainerItemProxy section */

/* Begin PBXFileReference section */
		81C89DFE19EF031D003EAE1A /* ZaHunter.app */ = {isa = PBXFileReference; explicitFileType = wrapper.application; includeInIndex = 0; path = ZaHunter.app; sourceTree = BUILT_PRODUCTS_DIR; };
		81C89E0219EF031D003EAE1A /* Info.plist */ = {isa = PBXFileReference; lastKnownFileType = text.plist.xml; path = Info.plist; sourceTree = "<group>"; };
		81C89E0319EF031D003EAE1A /* main.m */ = {isa = PBXFileReference; lastKnownFileType = sourcecode.c.objc; path = main.m; sourceTree = "<group>"; };
		81C89E0519EF031D003EAE1A /* AppDelegate.h */ = {isa = PBXFileReference; lastKnownFileType = sourcecode.c.h; path = AppDelegate.h; sourceTree = "<group>"; };
		81C89E0619EF031D003EAE1A /* AppDelegate.m */ = {isa = PBXFileReference; lastKnownFileType = sourcecode.c.objc; path = AppDelegate.m; sourceTree = "<group>"; };
		81C89E0819EF031D003EAE1A /* ViewController.h */ = {isa = PBXFileReference; lastKnownFileType = sourcecode.c.h; path = ViewController.h; sourceTree = "<group>"; };
		81C89E0919EF031D003EAE1A /* ViewController.m */ = {isa = PBXFileReference; lastKnownFileType = sourcecode.c.objc; path = ViewController.m; sourceTree = "<group>"; };
		81C89E0C19EF031D003EAE1A /* Base */ = {isa = PBXFileReference; lastKnownFileType = file.storyboard; name = Base; path = Base.lproj/Main.storyboard; sourceTree = "<group>"; };
		81C89E0E19EF031D003EAE1A /* Images.xcassets */ = {isa = PBXFileReference; lastKnownFileType = folder.assetcatalog; path = Images.xcassets; sourceTree = "<group>"; };
		81C89E1119EF031D003EAE1A /* Base */ = {isa = PBXFileReference; lastKnownFileType = file.xib; name = Base; path = Base.lproj/LaunchScreen.xib; sourceTree = "<group>"; };
		81C89E1719EF031D003EAE1A /* ZaHunterTests.xctest */ = {isa = PBXFileReference; explicitFileType = wrapper.cfbundle; includeInIndex = 0; path = ZaHunterTests.xctest; sourceTree = BUILT_PRODUCTS_DIR; };
		81C89E1C19EF031D003EAE1A /* Info.plist */ = {isa = PBXFileReference; lastKnownFileType = text.plist.xml; path = Info.plist; sourceTree = "<group>"; };
		81C89E1D19EF031D003EAE1A /* ZaHunterTests.m */ = {isa = PBXFileReference; lastKnownFileType = sourcecode.c.objc; path = ZaHunterTests.m; sourceTree = "<group>"; };
/* End PBXFileReference section */

/* Begin PBXFrameworksBuildPhase section */
		81C89DFB19EF031D003EAE1A /* Frameworks */ = {
			isa = PBXFrameworksBuildPhase;
			buildActionMask = 2147483647;
			files = (
			);
			runOnlyForDeploymentPostprocessing = 0;
		};
		81C89E1419EF031D003EAE1A /* Frameworks */ = {
			isa = PBXFrameworksBuildPhase;
			buildActionMask = 2147483647;
			files = (
			);
			runOnlyForDeploymentPostprocessing = 0;
		};
/* End PBXFrameworksBuildPhase section */

/* Begin PBXGroup section */
		81C89DF519EF031D003EAE1A = {
			isa = PBXGroup;
			children = (
				81C89E0019EF031D003EAE1A /* ZaHunter */,
				81C89E1A19EF031D003EAE1A /* ZaHunterTests */,
				81C89DFF19EF031D003EAE1A /* Products */,
			);
			sourceTree = "<group>";
		};
		81C89DFF19EF031D003EAE1A /* Products */ = {
			isa = PBXGroup;
			children = (
				81C89DFE19EF031D003EAE1A /* ZaHunter.app */,
				81C89E1719EF031D003EAE1A /* ZaHunterTests.xctest */,
			);
			name = Products;
			sourceTree = "<group>";
		};
		81C89E0019EF031D003EAE1A /* ZaHunter */ = {
			isa = PBXGroup;
			children = (
				81C89E0519EF031D003EAE1A /* AppDelegate.h */,
				81C89E0619EF031D003EAE1A /* AppDelegate.m */,
				81C89E0819EF031D003EAE1A /* ViewController.h */,
				81C89E0919EF031D003EAE1A /* ViewController.m */,
				81C89E0B19EF031D003EAE1A /* Main.storyboard */,
				81C89E0E19EF031D003EAE1A /* Images.xcassets */,
				81C89E1019EF031D003EAE1A /* LaunchScreen.xib */,
				81C89E0119EF031D003EAE1A /* Supporting Files */,
			);
			path = ZaHunter;
			sourceTree = "<group>";
		};
		81C89E0119EF031D003EAE1A /* Supporting Files */ = {
			isa = PBXGroup;
			children = (
				81C89E0219EF031D003EAE1A /* Info.plist */,
				81C89E0319EF031D003EAE1A /* main.m */,
			);
			name = "Supporting Files";
			sourceTree = "<group>";
		};
		81C89E1A19EF031D003EAE1A /* ZaHunterTests */ = {
			isa = PBXGroup;
			children = (
				81C89E1D19EF031D003EAE1A /* ZaHunterTests.m */,
				81C89E1B19EF031D003EAE1A /* Supporting Files */,
			);
			path = ZaHunterTests;
			sourceTree = "<group>";
		};
		81C89E1B19EF031D003EAE1A /* Supporting Files */ = {
			isa = PBXGroup;
			children = (
				81C89E1C19EF031D003EAE1A /* Info.plist */,
			);
			name = "Supporting Files";
			sourceTree = "<group>";
		};
/* End PBXGroup section */

/* Begin PBXNativeTarget section */
		81C89DFD19EF031D003EAE1A /* ZaHunter */ = {
			isa = PBXNativeTarget;
			buildConfigurationList = 81C89E2119EF031D003EAE1A /* Build configuration list for PBXNativeTarget "ZaHunter" */;
			buildPhases = (
				81C89DFA19EF031D003EAE1A /* Sources */,
				81C89DFB19EF031D003EAE1A /* Frameworks */,
				81C89DFC19EF031D003EAE1A /* Resources */,
			);
			buildRules = (
			);
			dependencies = (
			);
			name = ZaHunter;
			productName = ZaHunter;
			productReference = 81C89DFE19EF031D003EAE1A /* ZaHunter.app */;
			productType = "com.apple.product-type.application";
		};
		81C89E1619EF031D003EAE1A /* ZaHunterTests */ = {
			isa = PBXNativeTarget;
			buildConfigurationList = 81C89E2419EF031D003EAE1A /* Build configuration list for PBXNativeTarget "ZaHunterTests" */;
			buildPhases = (
				81C89E1319EF031D003EAE1A /* Sources */,
				81C89E1419EF031D003EAE1A /* Frameworks */,
				81C89E1519EF031D003EAE1A /* Resources */,
			);
			buildRules = (
			);
			dependencies = (
				81C89E1919EF031D003EAE1A /* PBXTargetDependency */,
			);
			name = ZaHunterTests;
			productName = ZaHunterTests;
			productReference = 81C89E1719EF031D003EAE1A /* ZaHunterTests.xctest */;
			productType = "com.apple.product-type.bundle.unit-test";
		};
/* End PBXNativeTarget section */

/* Begin PBXProject section */
		81C89DF619EF031D003EAE1A /* Project object */ = {
			isa = PBXProject;
			attributes = {
				LastUpgradeCheck = 0600;
				ORGANIZATIONNAME = "Big Nerd Ranch";
				TargetAttributes = {
					81C89DFD19EF031D003EAE1A = {
						CreatedOnToolsVersion = 6.0.1;
					};
					81C89E1619EF031D003EAE1A = {
						CreatedOnToolsVersion = 6.0.1;
						TestTargetID = 81C89DFD19EF031D003EAE1A;
					};
				};
			};
			buildConfigurationList = 81C89DF919EF031D003EAE1A /* Build configuration list for PBXProject "ZaHunter" */;
			compatibilityVersion = "Xcode 3.2";
			developmentRegion = English;
			hasScannedForEncodings = 0;
			knownRegions = (
				en,
				Base,
			);
			mainGroup = 81C89DF519EF031D003EAE1A;
			productRefGroup = 81C89DFF19EF031D003EAE1A /* Products */;
			projectDirPath = "";
			projectRoot = "";
			targets = (
				81C89DFD19EF031D003EAE1A /* ZaHunter */,
				81C89E1619EF031D003EAE1A /* ZaHunterTests */,
			);
		};
/* End PBXProject section */

/* Begin PBXResourcesBuildPhase section */
		81C89DFC19EF031D003EAE1A /* Resources */ = {
			isa = PBXResourcesBuildPhase;
			buildActionMask = 2147483647;
			files = (
				81C89E0D19EF031D003EAE1A /* Main.storyboard in Resources */,
				81C89E1219EF031D003EAE1A /* LaunchScreen.xib in Resources */,
				81C89E0F19EF031D003EAE1A /* Images.xcassets in Resources */,
			);
			runOnlyForDeploymentPostprocessing = 0;
		};
		81C89E1519EF031D003EAE1A /* Resources */ = {
			isa = PBXResourcesBuildPhase;
			buildActionMask = 2147483647;
			files = (
			);
			runOnlyForDeploymentPostprocessing = 0;
		};
/* End PBXResourcesBuildPhase section */

/* Begin PBXSourcesBuildPhase section */
		81C89DFA19EF031D003EAE1A /* Sources */ = {
			isa = PBXSourcesBuildPhase;
			buildActionMask = 2147483647;
			files = (
				81C89E0A19EF031D003EAE1A /* ViewController.m in Sources */,
				81C89E0719EF031D003EAE1A /* AppDelegate.m in Sources */,
				81C89E0419EF031D003EAE1A /* main.m in Sources */,
			);
			runOnlyForDeploymentPostprocessing = 0;
		};
		81C89E1319EF031D003EAE1A /* Sources */ = {
			isa = PBXSourcesBuildPhase;
			buildActionMask = 2147483647;
			files = (
				81C89E1E19EF031D003EAE1A /* ZaHunterTests.m in Sources */,
			);
			runOnlyForDeploymentPostprocessing = 0;
		};
/* End PBXSourcesBuildPhase section */

/* Begin PBXTargetDependency section */
		81C89E1919EF031D003EAE1A /* PBXTargetDependency */ = {
			isa = PBXTargetDependency;
			target = 81C89DFD19EF031D003EAE1A /* ZaHunter */;
			targetProxy = 81C89E1819EF031D003EAE1A /* PBXContainerItemProxy */;
		};
/* End PBXTargetDependency section */

/* Begin PBXVariantGroup section */
		81C89E0B19EF031D003EAE1A /* Main.storyboard */ = {
			isa = PBXVariantGroup;
			children = (
				81C89E0C19EF031D003EAE1A /* Base */,
			);
			name = Main.storyboard;
			sourceTree = "<group>";
		};
		81C89E1019EF031D003EAE1A /* LaunchScreen.xib */ = {
			isa = PBXVariantGroup;
			children = (
				81C89E1119EF031D003EAE1A /* Base */,
			);
			name = LaunchScreen.xib;
			sourceTree = "<group>";
		};
/* End PBXVariantGroup section */

/* Begin XCBuildConfiguration section */
		81C89E1F19EF031D003EAE1A /* Debug */ = {
			isa = XCBuildConfiguration;
			buildSettings = {
				ALWAYS_SEARCH_USER_PATHS = NO;
				CLANG_CXX_LANGUAGE_STANDARD = "gnu++0x";
				CLANG_CXX_LIBRARY = "libc++";
				CLANG_ENABLE_MODULES = YES;
				CLANG_ENABLE_OBJC_ARC = YES;
				CLANG_WARN_BOOL_CONVERSION = YES;
				CLANG_WARN_CONSTANT_CONVERSION = YES;
				CLANG_WARN_DIRECT_OBJC_ISA_USAGE = YES_ERROR;
				CLANG_WARN_EMPTY_BODY = YES;
				CLANG_WARN_ENUM_CONVERSION = YES;
				CLANG_WARN_INT_CONVERSION = YES;
				CLANG_WARN_OBJC_ROOT_CLASS = YES_ERROR;
				CLANG_WARN_UNREACHABLE_CODE = YES;
				CLANG_WARN__DUPLICATE_METHOD_MATCH = YES;
				"CODE_SIGN_IDENTITY[sdk=iphoneos*]" = "iPhone Developer";
				COPY_PHASE_STRIP = NO;
				ENABLE_STRICT_OBJC_MSGSEND = YES;
				GCC_C_LANGUAGE_STANDARD = gnu99;
				GCC_DYNAMIC_NO_PIC = NO;
				GCC_OPTIMIZATION_LEVEL = 0;
				GCC_PREPROCESSOR_DEFINITIONS = (
					"DEBUG=1",
					"$(inherited)",
				);
				GCC_SYMBOLS_PRIVATE_EXTERN = NO;
				GCC_WARN_64_TO_32_BIT_CONVERSION = YES;
				GCC_WARN_ABOUT_RETURN_TYPE = YES_ERROR;
				GCC_WARN_UNDECLARED_SELECTOR = YES;
				GCC_WARN_UNINITIALIZED_AUTOS = YES_AGGRESSIVE;
				GCC_WARN_UNUSED_FUNCTION = YES;
				GCC_WARN_UNUSED_VARIABLE = YES;
				IPHONEOS_DEPLOYMENT_TARGET = 8.0;
				MTL_ENABLE_DEBUG_INFO = YES;
				ONLY_ACTIVE_ARCH = YES;
				SDKROOT = iphoneos;
			};
			name = Debug;
		};
		81C89E2019EF031D003EAE1A /* Release */ = {
			isa = XCBuildConfiguration;
			buildSettings = {
				ALWAYS_SEARCH_USER_PATHS = NO;
				CLANG_CXX_LANGUAGE_STANDARD = "gnu++0x";
				CLANG_CXX_LIBRARY = "libc++";
				CLANG_ENABLE_MODULES = YES;
				CLANG_ENABLE_OBJC_ARC = YES;
				CLANG_WARN_BOOL_CONVERSION = YES;
				CLANG_WARN_CONSTANT_CONVERSION = YES;
				CLANG_WARN_DIRECT_OBJC_ISA_USAGE = YES_ERROR;
				CLANG_WARN_EMPTY_BODY = YES;
				CLANG_WARN_ENUM_CONVERSION = YES;
				CLANG_WARN_INT_CONVERSION = YES;
				CLANG_WARN_OBJC_ROOT_CLASS = YES_ERROR;
				CLANG_WARN_UNREACHABLE_CODE = YES;
				CLANG_WARN__DUPLICATE_METHOD_MATCH = YES;
				"CODE_SIGN_IDENTITY[sdk=iphoneos*]" = "iPhone Developer";
				COPY_PHASE_STRIP = YES;
				ENABLE_NS_ASSERTIONS = NO;
				ENABLE_STRICT_OBJC_MSGSEND = YES;
				GCC_C_LANGUAGE_STANDARD = gnu99;
				GCC_WARN_64_TO_32_BIT_CONVERSION = YES;
				GCC_WARN_ABOUT_RETURN_TYPE = YES_ERROR;
				GCC_WARN_UNDECLARED_SELECTOR = YES;
				GCC_WARN_UNINITIALIZED_AUTOS = YES_AGGRESSIVE;
				GCC_WARN_UNUSED_FUNCTION = YES;
				GCC_WARN_UNUSED_VARIABLE = YES;
				IPHONEOS_DEPLOYMENT_TARGET = 8.0;
				MTL_ENABLE_DEBUG_INFO = NO;
				SDKROOT = iphoneos;
				VALIDATE_PRODUCT = YES;
			};
			name = Release;
		};
		81C89E2219EF031D003EAE1A /* Debug */ = {
			isa = XCBuildConfiguration;
			buildSettings = {
				ASSETCATALOG_COMPILER_APPICON_NAME = AppIcon;
				INFOPLIST_FILE = ZaHunter/Info.plist;
				LD_RUNPATH_SEARCH_PATHS = "$(inherited) @executable_path/Frameworks";
				PRODUCT_NAME = "$(TARGET_NAME)";
			};
			name = Debug;
		};
		81C89E2319EF031D003EAE1A /* Release */ = {
			isa = XCBuildConfiguration;
			buildSettings = {
				ASSETCATALOG_COMPILER_APPICON_NAME = AppIcon;
				INFOPLIST_FILE = ZaHunter/Info.plist;
				LD_RUNPATH_SEARCH_PATHS = "$(inherited) @executable_path/Frameworks";
				PRODUCT_NAME = "$(TARGET_NAME)";
			};
			name = Release;
		};
		81C89E2519EF031D003EAE1A /* Debug */ = {
			isa = XCBuildConfiguration;
			buildSettings = {
				BUNDLE_LOADER = "$(TEST_HOST)";
				FRAMEWORK_SEARCH_PATHS = (
					"$(SDKROOT)/Developer/Library/Frameworks",
					"$(inherited)",
				);
				GCC_PREPROCESSOR_DEFINITIONS = (
					"DEBUG=1",
					"$(inherited)",
				);
				INFOPLIST_FILE = ZaHunterTests/Info.plist;
				LD_RUNPATH_SEARCH_PATHS = "$(inherited) @executable_path/Frameworks @loader_path/Frameworks";
				PRODUCT_NAME = "$(TARGET_NAME)";
				TEST_HOST = "$(BUILT_PRODUCTS_DIR)/ZaHunter.app/ZaHunter";
			};
			name = Debug;
		};
		81C89E2619EF031D003EAE1A /* Release */ = {
			isa = XCBuildConfiguration;
			buildSettings = {
				BUNDLE_LOADER = "$(TEST_HOST)";
				FRAMEWORK_SEARCH_PATHS = (
					"$(SDKROOT)/Developer/Library/Frameworks",
					"$(inherited)",
				);
				INFOPLIST_FILE = ZaHunterTests/Info.plist;
				LD_RUNPATH_SEARCH_PATHS = "$(inherited) @executable_path/Frameworks @loader_path/Frameworks";
				PRODUCT_NAME = "$(TARGET_NAME)";
				TEST_HOST = "$(BUILT_PRODUCTS_DIR)/ZaHunter.app/ZaHunter";
			};
			name = Release;
		};
/* End XCBuildConfiguration section */

/* Begin XCConfigurationList section */
		81C89DF919EF031D003EAE1A /* Build configuration list for PBXProject "ZaHunter" */ = {
			isa = XCConfigurationList;
			buildConfigurations = (
				81C89E1F19EF031D003EAE1A /* Debug */,
				81C89E2019EF031D003EAE1A /* Release */,
			);
			defaultConfigurationIsVisible = 0;
			defaultConfigurationName = Release;
		};
		81C89E2119EF031D003EAE1A /* Build configuration list for PBXNativeTarget "ZaHunter" */ = {
			isa = XCConfigurationList;
			buildConfigurations = (
				81C89E2219EF031D003EAE1A /* Debug */,
				81C89E2319EF031D003EAE1A /* Release */,
			);
			defaultConfigurationIsVisible = 0;
		};
		81C89E2419EF031D003EAE1A /* Build configuration list for PBXNativeTarget "ZaHunterTests" */ = {
			isa = XCConfigurationList;
			buildConfigurations = (
				81C89E2519EF031D003EAE1A /* Debug */,
				81C89E2619EF031D003EAE1A /* Release */,
			);
			defaultConfigurationIsVisible = 0;
		};
/* End XCConfigurationList section */
	};
	rootObject = 81C89DF619EF031D003EAE1A /* Project object */;
}
